
Microsoft Visual Studio Solution File, Format Version 12.00
# Visual Studio Version 17
VisualStudioVersion = 17.9.34728.123
MinimumVisualStudioVersion = 10.0.40219.1
Project("{FAE04EC0-301F-11D3-BF4B-00C04F79EFBC}") = "ComponentsTestModule", "ComponentsTestModule.csproj", "{3F98531B-1060-4A2C-8513-01904E6CA8D8}"
EndProject
Global
	GlobalSection(SolutionConfigurationPlatforms) = preSolution
		Debug|Any CPU = Debug|Any CPU
		Release|Any CPU = Release|Any CPU
	EndGlobalSection
	GlobalSection(ProjectConfigurationPlatforms) = postSolution
		{3F98531B-1060-4A2C-8513-01904E6CA8D8}.Debug|Any CPU.ActiveCfg = Debug|Any CPU
		{3F98531B-1060-4A2C-8513-01904E6CA8D8}.Debug|Any CPU.Build.0 = Debug|Any CPU
		{3F98531B-1060-4A2C-8513-01904E6CA8D8}.Debug|Any CPU.Deploy.0 = Debug|Any CPU
		{3F98531B-1060-4A2C-8513-01904E6CA8D8}.Release|Any CPU.ActiveCfg = Release|Any CPU
		{3F98531B-1060-4A2C-8513-01904E6CA8D8}.Release|Any CPU.Build.0 = Release|Any CPU
		{3F98531B-1060-4A2C-8513-01904E6CA8D8}.Release|Any CPU.Deploy.0 = Release|Any CPU
	EndGlobalSection
	GlobalSection(SolutionProperties) = preSolution
		HideSolutionNode = FALSE
	EndGlobalSection
	GlobalSection(ExtensibilityGlobals) = postSolution
		SolutionGuid = {6AEB2E93-099B-401B-B10D-E6A6C9A75632}
	EndGlobalSection
EndGlobal
